
Microsoft Visual Studio Solution File, Format Version 12.00
# Visual Studio Version 16
VisualStudioVersion = 16.0.29009.5
MinimumVisualStudioVersion = 10.0.40219.1
Project("{FAE04EC0-301F-11D3-BF4B-00C04F79EFBC}") = "FirstMVC", "FirstMVC\FirstMVC.csproj", "{4528783A-3EFF-41CB-80BA-6295AF0A22C2}"
EndProject
Global
	GlobalSection(SolutionConfigurationPlatforms) = preSolution
		Debug|Any CPU = Debug|Any CPU
		Release|Any CPU = Release|Any CPU
	EndGlobalSection
	GlobalSection(ProjectConfigurationPlatforms) = postSolution
		{4528783A-3EFF-41CB-80BA-6295AF0A22C2}.Debug|Any CPU.ActiveCfg = Debug|Any CPU
		{4528783A-3EFF-41CB-80BA-6295AF0A22C2}.Debug|Any CPU.Build.0 = Debug|Any CPU
		{4528783A-3EFF-41CB-80BA-6295AF0A22C2}.Release|Any CPU.ActiveCfg = Release|Any CPU
		{4528783A-3EFF-41CB-80BA-6295AF0A22C2}.Release|Any CPU.Build.0 = Release|Any CPU
	EndGlobalSection
	GlobalSection(SolutionProperties) = preSolution
		HideSolutionNode = FALSE
	EndGlobalSection
	GlobalSection(ExtensibilityGlobals) = postSolution
		SolutionGuid = {238D097A-3087-496E-A914-62FCA8597D83}
	EndGlobalSection
EndGlobal
