
Microsoft Visual Studio Solution File, Format Version 12.00
# Visual Studio Version 16
VisualStudioVersion = 16.0.29009.5
MinimumVisualStudioVersion = 10.0.40219.1
Project("{FAE04EC0-301F-11D3-BF4B-00C04F79EFBC}") = "StoreApp", "StoreApp\StoreApp.csproj", "{1B413633-6CEC-450B-8539-1798A2751D84}"
EndProject
Project("{FAE04EC0-301F-11D3-BF4B-00C04F79EFBC}") = "StoreApp.BusinessLogic", "StoreApp.BusinessLogic\StoreApp.BusinessLogic.csproj", "{7D111A36-CBFF-4DBD-8DF0-490BBF764D02}"
EndProject
Project("{FAE04EC0-301F-11D3-BF4B-00C04F79EFBC}") = "StoreApp.DataAccess", "StoreApp.DataAccess\StoreApp.DataAccess.csproj", "{63480135-135C-4BE6-A9C0-EAD7E8A133BF}"
EndProject
Global
	GlobalSection(SolutionConfigurationPlatforms) = preSolution
		Debug|Any CPU = Debug|Any CPU
		Release|Any CPU = Release|Any CPU
	EndGlobalSection
	GlobalSection(ProjectConfigurationPlatforms) = postSolution
		{1B413633-6CEC-450B-8539-1798A2751D84}.Debug|Any CPU.ActiveCfg = Debug|Any CPU
		{1B413633-6CEC-450B-8539-1798A2751D84}.Debug|Any CPU.Build.0 = Debug|Any CPU
		{1B413633-6CEC-450B-8539-1798A2751D84}.Release|Any CPU.ActiveCfg = Release|Any CPU
		{1B413633-6CEC-450B-8539-1798A2751D84}.Release|Any CPU.Build.0 = Release|Any CPU
		{7D111A36-CBFF-4DBD-8DF0-490BBF764D02}.Debug|Any CPU.ActiveCfg = Debug|Any CPU
		{7D111A36-CBFF-4DBD-8DF0-490BBF764D02}.Debug|Any CPU.Build.0 = Debug|Any CPU
		{7D111A36-CBFF-4DBD-8DF0-490BBF764D02}.Release|Any CPU.ActiveCfg = Release|Any CPU
		{7D111A36-CBFF-4DBD-8DF0-490BBF764D02}.Release|Any CPU.Build.0 = Release|Any CPU
		{63480135-135C-4BE6-A9C0-EAD7E8A133BF}.Debug|Any CPU.ActiveCfg = Debug|Any CPU
		{63480135-135C-4BE6-A9C0-EAD7E8A133BF}.Debug|Any CPU.Build.0 = Debug|Any CPU
		{63480135-135C-4BE6-A9C0-EAD7E8A133BF}.Release|Any CPU.ActiveCfg = Release|Any CPU
		{63480135-135C-4BE6-A9C0-EAD7E8A133BF}.Release|Any CPU.Build.0 = Release|Any CPU
	EndGlobalSection
	GlobalSection(SolutionProperties) = preSolution
		HideSolutionNode = FALSE
	EndGlobalSection
	GlobalSection(ExtensibilityGlobals) = postSolution
		SolutionGuid = {F899F97B-4509-4FF9-A2A6-E2D2F55669FB}
	EndGlobalSection
EndGlobal
